
Microsoft Visual Studio Solution File, Format Version 12.00
# Visual Studio Version 16
VisualStudioVersion = 16.0.30621.155
MinimumVisualStudioVersion = 10.0.40219.1
Project("{9A19103F-16F7-4668-BE54-9A1E7A4F7556}") = "Viewer", "Viewer\Viewer.csproj", "{81E8345C-0D36-440A-9B59-971DD9F38E00}"
EndProject
Project("{FAE04EC0-301F-11D3-BF4B-00C04F79EFBC}") = "Model", "Model\Model.csproj", "{D58C0D90-9DDC-4611-A809-FF1A0CE6B500}"
EndProject
Global
	GlobalSection(SolutionConfigurationPlatforms) = preSolution
		Debug|Any CPU = Debug|Any CPU
		Release|Any CPU = Release|Any CPU
	EndGlobalSection
	GlobalSection(ProjectConfigurationPlatforms) = postSolution
		{81E8345C-0D36-440A-9B59-971DD9F38E00}.Debug|Any CPU.ActiveCfg = Debug|Any CPU
		{81E8345C-0D36-440A-9B59-971DD9F38E00}.Debug|Any CPU.Build.0 = Debug|Any CPU
		{81E8345C-0D36-440A-9B59-971DD9F38E00}.Release|Any CPU.ActiveCfg = Release|Any CPU
		{81E8345C-0D36-440A-9B59-971DD9F38E00}.Release|Any CPU.Build.0 = Release|Any CPU
		{D58C0D90-9DDC-4611-A809-FF1A0CE6B500}.Debug|Any CPU.ActiveCfg = Debug|Any CPU
		{D58C0D90-9DDC-4611-A809-FF1A0CE6B500}.Debug|Any CPU.Build.0 = Debug|Any CPU
		{D58C0D90-9DDC-4611-A809-FF1A0CE6B500}.Release|Any CPU.ActiveCfg = Release|Any CPU
		{D58C0D90-9DDC-4611-A809-FF1A0CE6B500}.Release|Any CPU.Build.0 = Release|Any CPU
	EndGlobalSection
	GlobalSection(SolutionProperties) = preSolution
		HideSolutionNode = FALSE
	EndGlobalSection
	GlobalSection(ExtensibilityGlobals) = postSolution
		SolutionGuid = {AF14DD0B-8E87-4374-9DFB-37913906BEC7}
	EndGlobalSection
EndGlobal
